// !$*UTF8*$!
{
	archiveVersion = 1;
	classes = {
	};
	objectVersion = 55;
	objects = {

/* Begin PBXBuildFile section */
		DA5B1F5D270945AF00DC5E53 /* secondView.swift in Sources */ = {isa = PBXBuildFile; fileRef = DA5B1F5C270945AF00DC5E53 /* secondView.swift */; };
		DA5B1F5F270C619600DC5E53 /* LIst.swift in Sources */ = {isa = PBXBuildFile; fileRef = DA5B1F5E270C619600DC5E53 /* LIst.swift */; };
		DA5B1F61270C629700DC5E53 /* TitleImg.swift in Sources */ = {isa = PBXBuildFile; fileRef = DA5B1F60270C629700DC5E53 /* TitleImg.swift */; };
		DA5B1F63270C673E00DC5E53 /* Card.swift in Sources */ = {isa = PBXBuildFile; fileRef = DA5B1F62270C673E00DC5E53 /* Card.swift */; };
		DA5B1F65270C675E00DC5E53 /* CardDemoView.swift in Sources */ = {isa = PBXBuildFile; fileRef = DA5B1F64270C675E00DC5E53 /* CardDemoView.swift */; };
		DA5B1F67270C69A900DC5E53 /* CardView.swift in Sources */ = {isa = PBXBuildFile; fileRef = DA5B1F66270C69A800DC5E53 /* CardView.swift */; };
		DAC46E322709431800A5E486 /* CLASSApp.swift in Sources */ = {isa = PBXBuildFile; fileRef = DAC46E312709431800A5E486 /* CLASSApp.swift */; };
		DAC46E342709431800A5E486 /* ContentView.swift in Sources */ = {isa = PBXBuildFile; fileRef = DAC46E332709431800A5E486 /* ContentView.swift */; };
		DAC46E362709432100A5E486 /* Assets.xcassets in Resources */ = {isa = PBXBuildFile; fileRef = DAC46E352709432100A5E486 /* Assets.xcassets */; };
		DAC46E392709432100A5E486 /* Preview Assets.xcassets in Resources */ = {isa = PBXBuildFile; fileRef = DAC46E382709432100A5E486 /* Preview Assets.xcassets */; };
		DAC46E40270943D000A5E486 /* second.swift in Sources */ = {isa = PBXBuildFile; fileRef = DAC46E3F270943D000A5E486 /* second.swift */; };
/* End PBXBuildFile section */

/* Begin PBXFileReference section */
		DA5B1F5C270945AF00DC5E53 /* secondView.swift */ = {isa = PBXFileReference; lastKnownFileType = sourcecode.swift; path = secondView.swift; sourceTree = "<group>"; };
		DA5B1F5E270C619600DC5E53 /* LIst.swift */ = {isa = PBXFileReference; lastKnownFileType = sourcecode.swift; path = LIst.swift; sourceTree = "<group>"; };
		DA5B1F60270C629700DC5E53 /* TitleImg.swift */ = {isa = PBXFileReference; lastKnownFileType = sourcecode.swift; path = TitleImg.swift; sourceTree = "<group>"; };
		DA5B1F62270C673E00DC5E53 /* Card.swift */ = {isa = PBXFileReference; lastKnownFileType = sourcecode.swift; path = Card.swift; sourceTree = "<group>"; };
		DA5B1F64270C675E00DC5E53 /* CardDemoView.swift */ = {isa = PBXFileReference; lastKnownFileType = sourcecode.swift; path = CardDemoView.swift; sourceTree = "<group>"; };
		DA5B1F66270C69A800DC5E53 /* CardView.swift */ = {isa = PBXFileReference; lastKnownFileType = sourcecode.swift; path = CardView.swift; sourceTree = "<group>"; };
		DAC46E2E2709431800A5E486 /* CLASS.app */ = {isa = PBXFileReference; explicitFileType = wrapper.application; includeInIndex = 0; path = CLASS.app; sourceTree = BUILT_PRODUCTS_DIR; };
		DAC46E312709431800A5E486 /* CLASSApp.swift */ = {isa = PBXFileReference; lastKnownFileType = sourcecode.swift; path = CLASSApp.swift; sourceTree = "<group>"; };
		DAC46E332709431800A5E486 /* ContentView.swift */ = {isa = PBXFileReference; lastKnownFileType = sourcecode.swift; path = ContentView.swift; sourceTree = "<group>"; };
		DAC46E352709432100A5E486 /* Assets.xcassets */ = {isa = PBXFileReference; lastKnownFileType = folder.assetcatalog; path = Assets.xcassets; sourceTree = "<group>"; };
		DAC46E382709432100A5E486 /* Preview Assets.xcassets */ = {isa = PBXFileReference; lastKnownFileType = folder.assetcatalog; path = "Preview Assets.xcassets"; sourceTree = "<group>"; };
		DAC46E3F270943D000A5E486 /* second.swift */ = {isa = PBXFileReference; lastKnownFileType = sourcecode.swift; path = second.swift; sourceTree = "<group>"; };
/* End PBXFileReference section */

/* Begin PBXFrameworksBuildPhase section */
		DAC46E2B2709431800A5E486 /* Frameworks */ = {
			isa = PBXFrameworksBuildPhase;
			buildActionMask = 2147483647;
			files = (
			);
			runOnlyForDeploymentPostprocessing = 0;
		};
/* End PBXFrameworksBuildPhase section */

/* Begin PBXGroup section */
		DAC46E252709431800A5E486 = {
			isa = PBXGroup;
			children = (
				DAC46E302709431800A5E486 /* CLASS */,
				DAC46E2F2709431800A5E486 /* Products */,
			);
			sourceTree = "<group>";
		};
		DAC46E2F2709431800A5E486 /* Products */ = {
			isa = PBXGroup;
			children = (
				DAC46E2E2709431800A5E486 /* CLASS.app */,
			);
			name = Products;
			sourceTree = "<group>";
		};
		DAC46E302709431800A5E486 /* CLASS */ = {
			isa = PBXGroup;
			children = (
				DAC46E312709431800A5E486 /* CLASSApp.swift */,
				DAC46E332709431800A5E486 /* ContentView.swift */,
				DA5B1F5C270945AF00DC5E53 /* secondView.swift */,
				DA5B1F66270C69A800DC5E53 /* CardView.swift */,
				DA5B1F5E270C619600DC5E53 /* LIst.swift */,
				DA5B1F62270C673E00DC5E53 /* Card.swift */,
				DA5B1F64270C675E00DC5E53 /* CardDemoView.swift */,
				DA5B1F60270C629700DC5E53 /* TitleImg.swift */,
				DAC46E3F270943D000A5E486 /* second.swift */,
				DAC46E352709432100A5E486 /* Assets.xcassets */,
				DAC46E372709432100A5E486 /* Preview Content */,
			);
			path = CLASS;
			sourceTree = "<group>";
		};
		DAC46E372709432100A5E486 /* Preview Content */ = {
			isa = PBXGroup;
			children = (
				DAC46E382709432100A5E486 /* Preview Assets.xcassets */,
			);
			path = "Preview Content";
			sourceTree = "<group>";
		};
/* End PBXGroup section */

/* Begin PBXNativeTarget section */
		DAC46E2D2709431800A5E486 /* CLASS */ = {
			isa = PBXNativeTarget;
			buildConfigurationList = DAC46E3C2709432100A5E486 /* Build configuration list for PBXNativeTarget "CLASS" */;
			buildPhases = (
				DAC46E2A2709431800A5E486 /* Sources */,
				DAC46E2B2709431800A5E486 /* Frameworks */,
				DAC46E2C2709431800A5E486 /* Resources */,
			);
			buildRules = (
			);
			dependencies = (
			);
			name = CLASS;
			productName = CLASS;
			productReference = DAC46E2E2709431800A5E486 /* CLASS.app */;
			productType = "com.apple.product-type.application";
		};
/* End PBXNativeTarget section */

/* Begin PBXProject section */
		DAC46E262709431800A5E486 /* Project object */ = {
			isa = PBXProject;
			attributes = {
				BuildIndependentTargetsInParallel = 1;
				LastSwiftUpdateCheck = 1300;
				LastUpgradeCheck = 1300;
				TargetAttributes = {
					DAC46E2D2709431800A5E486 = {
						CreatedOnToolsVersion = 13.0;
					};
				};
			};
			buildConfigurationList = DAC46E292709431800A5E486 /* Build configuration list for PBXProject "CLASS" */;
			compatibilityVersion = "Xcode 13.0";
			developmentRegion = en;
			hasScannedForEncodings = 0;
			knownRegions = (
				en,
				Base,
			);
			mainGroup = DAC46E252709431800A5E486;
			productRefGroup = DAC46E2F2709431800A5E486 /* Products */;
			projectDirPath = "";
			projectRoot = "";
			targets = (
				DAC46E2D2709431800A5E486 /* CLASS */,
			);
		};
/* End PBXProject section */

/* Begin PBXResourcesBuildPhase section */
		DAC46E2C2709431800A5E486 /* Resources */ = {
			isa = PBXResourcesBuildPhase;
			buildActionMask = 2147483647;
			files = (
				DAC46E392709432100A5E486 /* Preview Assets.xcassets in Resources */,
				DAC46E362709432100A5E486 /* Assets.xcassets in Resources */,
			);
			runOnlyForDeploymentPostprocessing = 0;
		};
/* End PBXResourcesBuildPhase section */

/* Begin PBXSourcesBuildPhase section */
		DAC46E2A2709431800A5E486 /* Sources */ = {
			isa = PBXSourcesBuildPhase;
			buildActionMask = 2147483647;
			files = (
				DA5B1F61270C629700DC5E53 /* TitleImg.swift in Sources */,
				DA5B1F67270C69A900DC5E53 /* CardView.swift in Sources */,
				DAC46E342709431800A5E486 /* ContentView.swift in Sources */,
				DA5B1F63270C673E00DC5E53 /* Card.swift in Sources */,
				DAC46E322709431800A5E486 /* CLASSApp.swift in Sources */,
				DA5B1F5F270C619600DC5E53 /* LIst.swift in Sources */,
				DA5B1F5D270945AF00DC5E53 /* secondView.swift in Sources */,
				DAC46E40270943D000A5E486 /* second.swift in Sources */,
				DA5B1F65270C675E00DC5E53 /* CardDemoView.swift in Sources */,
			);
			runOnlyForDeploymentPostprocessing = 0;
		};
/* End PBXSourcesBuildPhase section */

/* Begin XCBuildConfiguration section */
		DAC46E3A2709432100A5E486 /* Debug */ = {
			isa = XCBuildConfiguration;
			buildSettings = {
				ALWAYS_SEARCH_USER_PATHS = NO;
				CLANG_ANALYZER_NONNULL = YES;
				CLANG_ANALYZER_NUMBER_OBJECT_CONVERSION = YES_AGGRESSIVE;
				CLANG_CXX_LANGUAGE_STANDARD = "gnu++17";
				CLANG_CXX_LIBRARY = "libc++";
				CLANG_ENABLE_MODULES = YES;
				CLANG_ENABLE_OBJC_ARC = YES;
				CLANG_ENABLE_OBJC_WEAK = YES;
				CLANG_WARN_BLOCK_CAPTURE_AUTORELEASING = YES;
				CLANG_WARN_BOOL_CONVERSION = YES;
				CLANG_WARN_COMMA = YES;
				CLANG_WARN_CONSTANT_CONVERSION = YES;
				CLANG_WARN_DEPRECATED_OBJC_IMPLEMENTATIONS = YES;
				CLANG_WARN_DIRECT_OBJC_ISA_USAGE = YES_ERROR;
				CLANG_WARN_DOCUMENTATION_COMMENTS = YES;
				CLANG_WARN_EMPTY_BODY = YES;
				CLANG_WARN_ENUM_CONVERSION = YES;
				CLANG_WARN_INFINITE_RECURSION = YES;
				CLANG_WARN_INT_CONVERSION = YES;
				CLANG_WARN_NON_LITERAL_NULL_CONVERSION = YES;
				CLANG_WARN_OBJC_IMPLICIT_RETAIN_SELF = YES;
				CLANG_WARN_OBJC_LITERAL_CONVERSION = YES;
				CLANG_WARN_OBJC_ROOT_CLASS = YES_ERROR;
				CLANG_WARN_QUOTED_INCLUDE_IN_FRAMEWORK_HEADER = YES;
				CLANG_WARN_RANGE_LOOP_ANALYSIS = YES;
				CLANG_WARN_STRICT_PROTOTYPES = YES;
				CLANG_WARN_SUSPICIOUS_MOVE = YES;
				CLANG_WARN_UNGUARDED_AVAILABILITY = YES_AGGRESSIVE;
				CLANG_WARN_UNREACHABLE_CODE = YES;
				CLANG_WARN__DUPLICATE_METHOD_MATCH = YES;
				COPY_PHASE_STRIP = NO;
				DEBUG_INFORMATION_FORMAT = dwarf;
				ENABLE_STRICT_OBJC_MSGSEND = YES;
				ENABLE_TESTABILITY = YES;
				GCC_C_LANGUAGE_STANDARD = gnu11;
				GCC_DYNAMIC_NO_PIC = NO;
				GCC_NO_COMMON_BLOCKS = YES;
				GCC_OPTIMIZATION_LEVEL = 0;
				GCC_PREPROCESSOR_DEFINITIONS = (
					"DEBUG=1",
					"$(inherited)",
				);
				GCC_WARN_64_TO_32_BIT_CONVERSION = YES;
				GCC_WARN_ABOUT_RETURN_TYPE = YES_ERROR;
				GCC_WARN_UNDECLARED_SELECTOR = YES;
				GCC_WARN_UNINITIALIZED_AUTOS = YES_AGGRESSIVE;
				GCC_WARN_UNUSED_FUNCTION = YES;
				GCC_WARN_UNUSED_VARIABLE = YES;
				IPHONEOS_DEPLOYMENT_TARGET = 15.0;
				MTL_ENABLE_DEBUG_INFO = INCLUDE_SOURCE;
				MTL_FAST_MATH = YES;
				ONLY_ACTIVE_ARCH = YES;
				SDKROOT = iphoneos;
				SWIFT_ACTIVE_COMPILATION_CONDITIONS = DEBUG;
				SWIFT_OPTIMIZATION_LEVEL = "-Onone";
			};
			name = Debug;
		};
		DAC46E3B2709432100A5E486 /* Release */ = {
			isa = XCBuildConfiguration;
			buildSettings = {
				ALWAYS_SEARCH_USER_PATHS = NO;
				CLANG_ANALYZER_NONNULL = YES;
				CLANG_ANALYZER_NUMBER_OBJECT_CONVERSION = YES_AGGRESSIVE;
				CLANG_CXX_LANGUAGE_STANDARD = "gnu++17";
				CLANG_CXX_LIBRARY = "libc++";
				CLANG_ENABLE_MODULES = YES;
				CLANG_ENABLE_OBJC_ARC = YES;
				CLANG_ENABLE_OBJC_WEAK = YES;
				CLANG_WARN_BLOCK_CAPTURE_AUTORELEASING = YES;
				CLANG_WARN_BOOL_CONVERSION = YES;
				CLANG_WARN_COMMA = YES;
				CLANG_WARN_CONSTANT_CONVERSION = YES;
				CLANG_WARN_DEPRECATED_OBJC_IMPLEMENTATIONS = YES;
				CLANG_WARN_DIRECT_OBJC_ISA_USAGE = YES_ERROR;
				CLANG_WARN_DOCUMENTATION_COMMENTS = YES;
				CLANG_WARN_EMPTY_BODY = YES;
				CLANG_WARN_ENUM_CONVERSION = YES;
				CLANG_WARN_INFINITE_RECURSION = YES;
				CLANG_WARN_INT_CONVERSION = YES;
				CLANG_WARN_NON_LITERAL_NULL_CONVERSION = YES;
				CLANG_WARN_OBJC_IMPLICIT_RETAIN_SELF = YES;
				CLANG_WARN_OBJC_LITERAL_CONVERSION = YES;
				CLANG_WARN_OBJC_ROOT_CLASS = YES_ERROR;
				CLANG_WARN_QUOTED_INCLUDE_IN_FRAMEWORK_HEADER = YES;
				CLANG_WARN_RANGE_LOOP_ANALYSIS = YES;
				CLANG_WARN_STRICT_PROTOTYPES = YES;
				CLANG_WARN_SUSPICIOUS_MOVE = YES;
				CLANG_WARN_UNGUARDED_AVAILABILITY = YES_AGGRESSIVE;
				CLANG_WARN_UNREACHABLE_CODE = YES;
				CLANG_WARN__DUPLICATE_METHOD_MATCH = YES;
				COPY_PHASE_STRIP = NO;
				DEBUG_INFORMATION_FORMAT = "dwarf-with-dsym";
				ENABLE_NS_ASSERTIONS = NO;
				ENABLE_STRICT_OBJC_MSGSEND = YES;
				GCC_C_LANGUAGE_STANDARD = gnu11;
				GCC_NO_COMMON_BLOCKS = YES;
				GCC_WARN_64_TO_32_BIT_CONVERSION = YES;
				GCC_WARN_ABOUT_RETURN_TYPE = YES_ERROR;
				GCC_WARN_UNDECLARED_SELECTOR = YES;
				GCC_WARN_UNINITIALIZED_AUTOS = YES_AGGRESSIVE;
				GCC_WARN_UNUSED_FUNCTION = YES;
				GCC_WARN_UNUSED_VARIABLE = YES;
				IPHONEOS_DEPLOYMENT_TARGET = 15.0;
				MTL_ENABLE_DEBUG_INFO = NO;
				MTL_FAST_MATH = YES;
				SDKROOT = iphoneos;
				SWIFT_COMPILATION_MODE = wholemodule;
				SWIFT_OPTIMIZATION_LEVEL = "-O";
				VALIDATE_PRODUCT = YES;
			};
			name = Release;
		};
		DAC46E3D2709432100A5E486 /* Debug */ = {
			isa = XCBuildConfiguration;
			buildSettings = {
				ASSETCATALOG_COMPILER_APPICON_NAME = AppIcon;
				ASSETCATALOG_COMPILER_GLOBAL_ACCENT_COLOR_NAME = AccentColor;
				CODE_SIGN_STYLE = Automatic;
				CURRENT_PROJECT_VERSION = 1;
				DEVELOPMENT_ASSET_PATHS = "\"CLASS/Preview Content\"";
				ENABLE_PREVIEWS = YES;
				GENERATE_INFOPLIST_FILE = YES;
				INFOPLIST_KEY_UIApplicationSceneManifest_Generation = YES;
				INFOPLIST_KEY_UIApplicationSupportsIndirectInputEvents = YES;
				INFOPLIST_KEY_UILaunchScreen_Generation = YES;
				INFOPLIST_KEY_UISupportedInterfaceOrientations_iPad = "UIInterfaceOrientationPortrait UIInterfaceOrientationPortraitUpsideDown UIInterfaceOrientationLandscapeLeft UIInterfaceOrientationLandscapeRight";
				INFOPLIST_KEY_UISupportedInterfaceOrientations_iPhone = "UIInterfaceOrientationPortrait UIInterfaceOrientationLandscapeLeft UIInterfaceOrientationLandscapeRight";
				IPHONEOS_DEPLOYMENT_TARGET = 14.0;
				LD_RUNPATH_SEARCH_PATHS = (
					"$(inherited)",
					"@executable_path/Frameworks",
				);
				MARKETING_VERSION = 1.0;
				PRODUCT_BUNDLE_IDENTIFIER = app.CherryStudio.CLASS;
				PRODUCT_NAME = "$(TARGET_NAME)";
				SWIFT_EMIT_LOC_STRINGS = YES;
				SWIFT_VERSION = 5.0;
				TARGETED_DEVICE_FAMILY = "1,2";
			};
			name = Debug;
		};
		DAC46E3E2709432100A5E486 /* Release */ = {
			isa = XCBuildConfiguration;
			buildSettings = {
				ASSETCATALOG_COMPILER_APPICON_NAME = AppIcon;
				ASSETCATALOG_COMPILER_GLOBAL_ACCENT_COLOR_NAME = AccentColor;
				CODE_SIGN_STYLE = Automatic;
				CURRENT_PROJECT_VERSION = 1;
				DEVELOPMENT_ASSET_PATHS = "\"CLASS/Preview Content\"";
				ENABLE_PREVIEWS = YES;
				GENERATE_INFOPLIST_FILE = YES;
				INFOPLIST_KEY_UIApplicationSceneManifest_Generation = YES;
				INFOPLIST_KEY_UIApplicationSupportsIndirectInputEvents = YES;
				INFOPLIST_KEY_UILaunchScreen_Generation = YES;
				INFOPLIST_KEY_UISupportedInterfaceOrientations_iPad = "UIInterfaceOrientationPortrait UIInterfaceOrientationPortraitUpsideDown UIInterfaceOrientationLandscapeLeft UIInterfaceOrientationLandscapeRight";
				INFOPLIST_KEY_UISupportedInterfaceOrientations_iPhone = "UIInterfaceOrientationPortrait UIInterfaceOrientationLandscapeLeft UIInterfaceOrientationLandscapeRight";
				IPHONEOS_DEPLOYMENT_TARGET = 14.0;
				LD_RUNPATH_SEARCH_PATHS = (
					"$(inherited)",
					"@executable_path/Frameworks",
				);
				MARKETING_VERSION = 1.0;
				PRODUCT_BUNDLE_IDENTIFIER = app.CherryStudio.CLASS;
				PRODUCT_NAME = "$(TARGET_NAME)";
				SWIFT_EMIT_LOC_STRINGS = YES;
				SWIFT_VERSION = 5.0;
				TARGETED_DEVICE_FAMILY = "1,2";
			};
			name = Release;
		};
/* End XCBuildConfiguration section */

/* Begin XCConfigurationList section */
		DAC46E292709431800A5E486 /* Build configuration list for PBXProject "CLASS" */ = {
			isa = XCConfigurationList;
			buildConfigurations = (
				DAC46E3A2709432100A5E486 /* Debug */,
				DAC46E3B2709432100A5E486 /* Release */,
			);
			defaultConfigurationIsVisible = 0;
			defaultConfigurationName = Release;
		};
		DAC46E3C2709432100A5E486 /* Build configuration list for PBXNativeTarget "CLASS" */ = {
			isa = XCConfigurationList;
			buildConfigurations = (
				DAC46E3D2709432100A5E486 /* Debug */,
				DAC46E3E2709432100A5E486 /* Release */,
			);
			defaultConfigurationIsVisible = 0;
			defaultConfigurationName = Release;
		};
/* End XCConfigurationList section */
	};
	rootObject = DAC46E262709431800A5E486 /* Project object */;
}
